
Microsoft Visual Studio Solution File, Format Version 12.00
# Visual Studio 2012
Project("{FAE04EC0-301F-11D3-BF4B-00C04F79EFBC}") = "Luiz_Leite", "Luiz_Leite\Luiz_Leite.csproj", "{E8A58733-CF24-4261-962E-574EA765A723}"
EndProject
Project("{2150E333-8FDC-42A3-9474-1A3956D46DE8}") = "Solution Items", "Solution Items", "{6061BBBC-6BE8-4E49-9C2F-5BA71822D53E}"
EndProject
Global
	GlobalSection(SolutionConfigurationPlatforms) = preSolution
		Debug|Any CPU = Debug|Any CPU
		Release|Any CPU = Release|Any CPU
	EndGlobalSection
	GlobalSection(ProjectConfigurationPlatforms) = postSolution
		{E8A58733-CF24-4261-962E-574EA765A723}.Debug|Any CPU.ActiveCfg = Debug|Any CPU
		{E8A58733-CF24-4261-962E-574EA765A723}.Debug|Any CPU.Build.0 = Debug|Any CPU
		{E8A58733-CF24-4261-962E-574EA765A723}.Release|Any CPU.ActiveCfg = Release|Any CPU
		{E8A58733-CF24-4261-962E-574EA765A723}.Release|Any CPU.Build.0 = Release|Any CPU
	EndGlobalSection
	GlobalSection(SolutionProperties) = preSolution
		HideSolutionNode = FALSE
	EndGlobalSection
EndGlobal
